PODS:
  - AFNetworking (4.0.1):
    - AFNetworking/NSURLSession (= 4.0.1)
    - AFNetworking/Reachability (= 4.0.1)
    - AFNetworking/Security (= 4.0.1)
    - AFNetworking/Serialization (= 4.0.1)
    - AFNetworking/UIKit (= 4.0.1)
  - AFNetworking/NSURLSession (4.0.1):
    - AFNetworking/Reachability
    - AFNetworking/Security
    - AFNetworking/Serialization
  - AFNetworking/Reachability (4.0.1)
  - AFNetworking/Security (4.0.1)
  - AFNetworking/Serialization (4.0.1)
  - AFNetworking/UIKit (4.0.1):
    - AFNetworking/NSURLSession
  - Codextended (0.3.0)
  - CombineCocoa (0.4.1)
  - CombineExt (1.8.0)
  - CryptoSwift (1.8.4)
  - CZImagePreviewer (1.2.3):
    - Kingfisher
    - SnapKit
  - EmptyDataSet-Swift (5.0.0)
  - FMDB (2.7.12):
    - FMDB/standard (= 2.7.12)
  - FMDB/Core (2.7.12)
  - FMDB/standard (2.7.12):
    - FMDB/Core
  - GWIoTKit/Core (1.3.4.1):
    - AFNetworking
    - Codextended
    - CombineCocoa
    - CombineExt
    - CryptoSwift
    - EmptyDataSet-Swift
    - Kingfisher
    - lottie-ios
    - MBProgressHUD
    - MJRefresh
    - Popover
    - QCloudCore
    - QCloudCOSXML
    - QTEventBus
    - R.swift
    - ReactiveCocoa
    - ReactiveSwift
    - Realm (~> 20.0.3)
    - RealmSwift (~> 20.0.3)
    - RTRootNavigationController
    - SDWebImage
    - SnapKit
    - SSZipArchive
    - SwiftyJSON
    - Then
  - GWIoTKit/RQIAPKit (1.3.4.1):
    - AFNetworking
    - Codextended
    - CombineCocoa
    - CombineExt
    - CryptoSwift
    - EmptyDataSet-Swift
    - Kingfisher
    - lottie-ios
    - MBProgressHUD
    - MJRefresh
    - Popover
    - QCloudCore
    - QCloudCOSXML
    - QTEventBus
    - R.swift
    - ReactiveCocoa
    - ReactiveSwift
    - Realm (~> 20.0.3)
    - RealmSwift (~> 20.0.3)
    - RTRootNavigationController
    - SDWebImage
    - SnapKit
    - SSZipArchive
    - SwiftyJSON
    - Then
  - Kingfisher (8.5.0)
  - lottie-ios (4.5.2)
  - MBProgressHUD (1.2.0)
  - MJRefresh (3.7.9)
  - Popover (1.3.0)
  - QCloudCore (6.5.1):
    - QCloudCore/Default (= 6.5.1)
  - QCloudCore/Default (6.5.1):
    - QCloudTrack/Beacon (= 6.5.1)
  - QCloudCOSXML (6.5.1):
    - QCloudCOSXML/Default (= 6.5.1)
  - QCloudCOSXML/Default (6.5.1):
    - QCloudCore (= 6.5.1)
  - QCloudTrack/Beacon (6.5.1)
  - QTEventBus (0.4.1):
    - QTEventBus/Core (= 0.4.1)
  - QTEventBus/Core (0.4.1)
  - R.swift (7.8.0)
  - ReactiveCocoa (12.0.0):
    - ReactiveSwift (~> 7.0)
  - ReactiveSwift (7.2.1)
  - Realm (20.0.3):
    - Realm/Headers (= 20.0.3)
  - Realm/Headers (20.0.3)
  - RealmSwift (20.0.3):
    - Realm (= 20.0.3)
  - RTRootNavigationController (0.8.1):
    - RTRootNavigationController/Core (= 0.8.1)
  - RTRootNavigationController/Core (0.8.1)
  - RxCocoa (6.9.0):
    - RxRelay (= 6.9.0)
    - RxSwift (= 6.9.0)
  - RxRelay (6.9.0):
    - RxSwift (= 6.9.0)
  - RxSwift (6.9.0)
  - SDWebImage (5.18.12):
    - SDWebImage/Core (= 5.18.12)
  - SDWebImage/Core (5.18.12)
  - SnapKit (5.7.1)
  - SSZipArchive (2.4.3)
  - SwiftyJSON (5.0.2)
  - Then (3.0.0)

DEPENDENCIES:
  - AFNetworking (~> 4.0.1)
  - Codextended
  - CombineCocoa (= 0.4.1)
  - CombineExt
  - CryptoSwift
  - CZImagePreviewer
  - EmptyDataSet-Swift
  - FMDB
  - GWIoTKit/Core
  - GWIoTKit/RQIAPKit
  - Kingfisher
  - lottie-ios (~> 4.0)
  - MBProgressHUD
  - MJRefresh
  - Popover
  - QTEventBus
  - R.swift
  - Realm
  - RealmSwift
  - RTRootNavigationController
  - RxCocoa
  - RxSwift
  - SDWebImage (~> 5.18.2)
  - SnapKit
  - SSZipArchive
  - SwiftyJSON
  - Then

SPEC REPOS:
  https://github.com/CocoaPods/Specs.git:
    - AFNetworking
    - Codextended
    - CombineCocoa
    - CombineExt
    - CryptoSwift
    - CZImagePreviewer
    - EmptyDataSet-Swift
    - FMDB
    - GWIoTKit
    - Kingfisher
    - lottie-ios
    - MBProgressHUD
    - MJRefresh
    - Popover
    - QCloudCore
    - QCloudCOSXML
    - QCloudTrack
    - QTEventBus
    - R.swift
    - ReactiveCocoa
    - ReactiveSwift
    - Realm
    - RealmSwift
    - RTRootNavigationController
    - RxCocoa
    - RxRelay
    - RxSwift
    - SDWebImage
    - SnapKit
    - SSZipArchive
    - SwiftyJSON
    - Then

SPEC CHECKSUMS:
  AFNetworking: 3bd23d814e976cd148d7d44c3ab78017b744cd58
  Codextended: f384271b8694376ad766ddbf2a011efbfdcee905
  CombineCocoa: e5210dbfb480ff251078929459ac17e750e7af1d
  CombineExt: c4daa97ef75754d8ef319bd79edeef82652f3eea
  CryptoSwift: e64e11850ede528a02a0f3e768cec8e9d92ecb90
  CZImagePreviewer: a88c65afaaab475c0cbb95cd6a3404a746ffdb70
  EmptyDataSet-Swift: eb382c0c87a2d9c678077385a595cec52da38171
  FMDB: 728731dd336af3936ce00f91d9d8495f5718a0e6
  GWIoTKit: 4a01a4aaa290f5ebe3a1643714530af808bbd9ef
  Kingfisher: ff0d31a1f07bdff6a1ebb3ba08b8e6e567b6500c
  lottie-ios: 96784afc26ea031d3e2b6cae342a4b8915072489
  MBProgressHUD: 3ee5efcc380f6a79a7cc9b363dd669c5e1ae7406
  MJRefresh: ff9e531227924c84ce459338414550a05d2aea78
  Popover: 10e1d9528f81d9504df984b7b3f491292bc1822d
  QCloudCore: 6f8c67b96448472d2c6a92b9cfe1bdb5abbb1798
  QCloudCOSXML: 92f50a787b4e8d9a7cb6ea8e626775256b4840a7
  QCloudTrack: 20b79388365b4c8ed150019c82a56f1569f237f8
  QTEventBus: ea42577d40303f11fb2392e1383fb5d4a7335609
  R.swift: f573269ca45b2ab066c082e363dd4c2b297b0d71
  ReactiveCocoa: 5d10386f0ce09f922006efbf784881c5fade27c5
  ReactiveSwift: 4dfa83fbdc2392d1112050411641705412c0c705
  Realm: 853e5089d6042dff807bda000277eadfe2da93d2
  RealmSwift: f33c19577cefcbf681345d721fcbc7b42be4c949
  RTRootNavigationController: ca443783baf6ff65a70c4d21ce0eedbbc1fec1fe
  RxCocoa: ac16414696ae706516be3e1ab00fcce5bdc9be8a
  RxRelay: 6b0c930e5cef57d5fe2032571e5e65b78e3cbdb1
  RxSwift: 31649ace6aceeb422e16ff71c60804f9c3281ed9
  SDWebImage: 2d6d229046fea284d62e36bfb8ebe8287dfc5b10
  SnapKit: d612e99e678a2d3b95bf60b0705ed0a35c03484a
  SSZipArchive: fe6a26b2a54d5a0890f2567b5cc6de5caa600aef
  SwiftyJSON: f5b1bf1cd8dd53cd25887ac0eabcfd92301c6a5a
  Then: 844265ae87834bbe1147d91d5d41a404da2ec27d

PODFILE CHECKSUM: e2ce144417269751f98822476f0a8856865f910a

COCOAPODS: 1.16.2
